{
  "name": "school-management",
  "version": "1.0.0",
  "lockfileVersion": 3,
  "requires": true,
  "packages": {
    "": {
      "name": "school-management",
      "version": "1.0.0",
      "dependencies": {
        "surrealdb": "^2.0.8"
      }
    },
    "node_modules/@surrealdb/cbor": {
      "version": "2.0.0-alpha.4",
      "resolved": "https://registry.npmjs.org/@surrealdb/cbor/-/cbor-2.0.0-alpha.4.tgz",
      "integrity": "sha512-l/hNZ3ZCOJq8rzwx1y5ZV/8b2bYCWdhGqRVY33Pu50NAHyAW5qLsMn3ZBkZow77mAKwNCsbDsRGnyYEuU95mjw==",
      "license": "Apache-2.0",
      "engines": {
        "node": ">=18.0.0"
      }
    },
    "node_modules/@surrealdb/sqon": {
      "version": "0.1.0",
      "resolved": "https://registry.npmjs.org/@surrealdb/sqon/-/sqon-0.1.0.tgz",
      "integrity": "sha512-pooKLZ0W6mN8XHzJQavGOdfZOZksycmIjhwFwvG0kdCAt4I5U6KKPHcXQwFkTDNKFKFKdufczLRnzHapPIslQw==",
      "license": "Apache-2.0",
      "dependencies": {
        "@surrealdb/cbor": "2.0.0-alpha.4",
        "uuidv7": "^1.0.1"
      },
      "peerDependencies": {
        "tslib": "^2.6.3",
        "typescript": "^5.0.0"
      }
    },
    "node_modules/surrealdb": {
      "version": "2.0.8",
      "resolved": "https://registry.npmjs.org/surrealdb/-/surrealdb-2.0.8.tgz",
      "integrity": "sha512-nkoTAdnfJYc0EvB2Hut0MET/UiWTOT6+TJODoubHzoC952gJvjEbHMx5TLrecUYo1vIN3/qBgwMIcLKK0WC7zQ==",
      "license": "Apache-2.0",
      "dependencies": {
        "@surrealdb/sqon": "0.1.0"
      },
      "peerDependencies": {
        "tslib": "^2.6.3",
        "typescript": "^5.0.0 || ^6.0.0"
      }
    },
    "node_modules/tslib": {
      "version": "2.8.1",
      "resolved": "https://registry.npmjs.org/tslib/-/tslib-2.8.1.tgz",
      "integrity": "sha512-oJFu94HQb+KVduSUQL7wnpmqnfmLsOA/nAh6b6EH0wCEoK0/mPeXU6c3wKDV83MkOuHPRHtSXKKU99IBazS/2w==",
      "license": "0BSD",
      "peer": true
    },
    "node_modules/typescript": {
      "version": "5.9.3",
      "resolved": "https://registry.npmjs.org/typescript/-/typescript-5.9.3.tgz",
      "integrity": "sha512-jl1vZzPDinLr9eUt3J/t7V6FgNEw9QjvBPdysz9KfQDD41fQrC2Y4vKQdiaUpFT4bXlb1RHhLpp8wtm6M5TgSw==",
      "license": "Apache-2.0",
      "peer": true,
      "bin": {
        "tsc": "bin/tsc",
        "tsserver": "bin/tsserver"
      },
      "engines": {
        "node": ">=14.17"
      }
    },
    "node_modules/uuidv7": {
      "version": "1.2.1",
      "resolved": "https://registry.npmjs.org/uuidv7/-/uuidv7-1.2.1.tgz",
      "integrity": "sha512-4kPkK3/XTQW9Hbm4CaqfICn+kY9LJtDVEOfgsRRra/+n2Ofg4NqzRFceAkxvQ/Ud/6BpHOPzj8cirqM7TzTN5Q==",
      "license": "Apache-2.0",
      "bin": {
        "uuidv7": "cli.js"
      }
    }
  }
}
